// !$*UTF8*$!
{
	archiveVersion = 1;
	classes = {
	};
	objectVersion = 50;
	objects = {

/* Begin PBXBuildFile section */
		911C0275CD92BF5901E7FA48 /* libPods-MToolsDemo.a in Frameworks */ = {isa = PBXBuildFile; fileRef = C1E3279B0662217A42ABCF70 /* libPods-MToolsDemo.a */; };
		C68F2390210EA2DE00ADE1B4 /* AppDelegate.m in Sources */ = {isa = PBXBuildFile; fileRef = C68F238F210EA2DE00ADE1B4 /* AppDelegate.m */; };
		C68F2393210EA2DE00ADE1B4 /* ViewController.m in Sources */ = {isa = PBXBuildFile; fileRef = C68F2392210EA2DE00ADE1B4 /* ViewController.m */; };
		C68F2396210EA2DE00ADE1B4 /* Main.storyboard in Resources */ = {isa = PBXBuildFile; fileRef = C68F2394210EA2DE00ADE1B4 /* Main.storyboard */; };
		C68F2398210EA2E000ADE1B4 /* Assets.xcassets in Resources */ = {isa = PBXBuildFile; fileRef = C68F2397210EA2E000ADE1B4 /* Assets.xcassets */; };
		C68F239B210EA2E000ADE1B4 /* LaunchScreen.storyboard in Resources */ = {isa = PBXBuildFile; fileRef = C68F2399210EA2E000ADE1B4 /* LaunchScreen.storyboard */; };
		C68F239E210EA2E000ADE1B4 /* main.m in Sources */ = {isa = PBXBuildFile; fileRef = C68F239D210EA2E000ADE1B4 /* main.m */; };
		C68F23EB210EA5A700ADE1B4 /* MNavigationViewController.m in Sources */ = {isa = PBXBuildFile; fileRef = C68F23EA210EA5A600ADE1B4 /* MNavigationViewController.m */; };
		C68F23F0210EAD1600ADE1B4 /* SliderViewController.m in Sources */ = {isa = PBXBuildFile; fileRef = C68F23EF210EAD1600ADE1B4 /* SliderViewController.m */; };
		C68F23F5210EAE3C00ADE1B4 /* MSliderProgressView.m in Sources */ = {isa = PBXBuildFile; fileRef = C68F23F4210EAE3C00ADE1B4 /* MSliderProgressView.m */; };
		C68F23F8210EAE6900ADE1B4 /* UIView+MSlider.m in Sources */ = {isa = PBXBuildFile; fileRef = C68F23F7210EAE6900ADE1B4 /* UIView+MSlider.m */; };
		C68F23FE210EF66500ADE1B4 /* MSlideButtonView.m in Sources */ = {isa = PBXBuildFile; fileRef = C68F23FA210EF66500ADE1B4 /* MSlideButtonView.m */; };
		C68F23FF210EF66500ADE1B4 /* MSlideButtonCollectionViewCell.m in Sources */ = {isa = PBXBuildFile; fileRef = C68F23FC210EF66500ADE1B4 /* MSlideButtonCollectionViewCell.m */; };
		C68F2402210EF73B00ADE1B4 /* NSString+MSliderButton.m in Sources */ = {isa = PBXBuildFile; fileRef = C68F2401210EF73B00ADE1B4 /* NSString+MSliderButton.m */; };
		C68F2405210EF7F300ADE1B4 /* SliderButtonViewController.m in Sources */ = {isa = PBXBuildFile; fileRef = C68F2404210EF7F300ADE1B4 /* SliderButtonViewController.m */; };
		C68F244621103D9A00ADE1B4 /* UIView+EasyShow.m in Sources */ = {isa = PBXBuildFile; fileRef = C68F244521103D9A00ADE1B4 /* UIView+EasyShow.m */; };
		C68F244921103DF100ADE1B4 /* GKShowEasyViewHUD.m in Sources */ = {isa = PBXBuildFile; fileRef = C68F244821103DF100ADE1B4 /* GKShowEasyViewHUD.m */; };
		C68F244D21103FFD00ADE1B4 /* HUDViewController.m in Sources */ = {isa = PBXBuildFile; fileRef = C68F244C21103FFD00ADE1B4 /* HUDViewController.m */; };
		C68F24512110420000ADE1B4 /* MLoadingViewHUD.m in Sources */ = {isa = PBXBuildFile; fileRef = C68F24502110420000ADE1B4 /* MLoadingViewHUD.m */; };
		C68F24542110493B00ADE1B4 /* MLoadingOptions.m in Sources */ = {isa = PBXBuildFile; fileRef = C68F24532110493B00ADE1B4 /* MLoadingOptions.m */; };
		C68F245B211073A600ADE1B4 /* MLoadingType.m in Sources */ = {isa = PBXBuildFile; fileRef = C68F245A211073A600ADE1B4 /* MLoadingType.m */; };
		C6A293642111AE8A00EF1F5E /* UIView+Loading.m in Sources */ = {isa = PBXBuildFile; fileRef = C6A293632111AE8A00EF1F5E /* UIView+Loading.m */; };
		C6A293672111C83900EF1F5E /* MEasyShowLabel.m in Sources */ = {isa = PBXBuildFile; fileRef = C6A293662111C83900EF1F5E /* MEasyShowLabel.m */; };
		C6A2937921192E0700EF1F5E /* MReplyCommentView.m in Sources */ = {isa = PBXBuildFile; fileRef = C6A2937821192E0600EF1F5E /* MReplyCommentView.m */; };
		C6A2937D21192EAA00EF1F5E /* EasyKeyboardViewController.m in Sources */ = {isa = PBXBuildFile; fileRef = C6A2937C21192EAA00EF1F5E /* EasyKeyboardViewController.m */; };
		C6A293812119324B00EF1F5E /* MKeyboardInputView.m in Sources */ = {isa = PBXBuildFile; fileRef = C6A293802119324B00EF1F5E /* MKeyboardInputView.m */; };
		C6A293842119347A00EF1F5E /* UIView+MKeyboard.m in Sources */ = {isa = PBXBuildFile; fileRef = C6A293832119347A00EF1F5E /* UIView+MKeyboard.m */; };
		C6A29388211972BE00EF1F5E /* MTextView.m in Sources */ = {isa = PBXBuildFile; fileRef = C6A29387211972BD00EF1F5E /* MTextView.m */; };
		C6A2938B21197BCD00EF1F5E /* MKeyboardBundle.bundle in Resources */ = {isa = PBXBuildFile; fileRef = C6A2938A21197BCD00EF1F5E /* MKeyboardBundle.bundle */; };
		C6A2938E21197C2D00EF1F5E /* UIImage+MKeyboard.m in Sources */ = {isa = PBXBuildFile; fileRef = C6A2938D21197C2D00EF1F5E /* UIImage+MKeyboard.m */; };
		C6A2939221198A7700EF1F5E /* MEmojiPackage.m in Sources */ = {isa = PBXBuildFile; fileRef = C6A2939121198A7700EF1F5E /* MEmojiPackage.m */; };
		C6A2939821199A8F00EF1F5E /* MMatchingEmojiManager.m in Sources */ = {isa = PBXBuildFile; fileRef = C6A2939721199A8F00EF1F5E /* MMatchingEmojiManager.m */; };
		C6A2939B21199D5900EF1F5E /* MEmojiKeyboardView.m in Sources */ = {isa = PBXBuildFile; fileRef = C6A2939A21199D5900EF1F5E /* MEmojiKeyboardView.m */; };
		C6A293A62119AB5F00EF1F5E /* MEmojiIndicatorButton.m in Sources */ = {isa = PBXBuildFile; fileRef = C6A293A52119AB5F00EF1F5E /* MEmojiIndicatorButton.m */; };
		C6A293A92119AD7800EF1F5E /* MEmojiPageScrollView.m in Sources */ = {isa = PBXBuildFile; fileRef = C6A293A82119AD7800EF1F5E /* MEmojiPageScrollView.m */; };
		C6A293AF2119B94600EF1F5E /* MEmojiPageView.m in Sources */ = {isa = PBXBuildFile; fileRef = C6A293AE2119B94600EF1F5E /* MEmojiPageView.m */; };
/* End PBXBuildFile section */

/* Begin PBXFileReference section */
		6609A7D54ED33EFBA4D2C814 /* Pods-MToolsDemo.debug.xcconfig */ = {isa = PBXFileReference; includeInIndex = 1; lastKnownFileType = text.xcconfig; name = "Pods-MToolsDemo.debug.xcconfig"; path = "Pods/Target Support Files/Pods-MToolsDemo/Pods-MToolsDemo.debug.xcconfig"; sourceTree = "<group>"; };
		C1E3279B0662217A42ABCF70 /* libPods-MToolsDemo.a */ = {isa = PBXFileReference; explicitFileType = archive.ar; includeInIndex = 0; path = "libPods-MToolsDemo.a"; sourceTree = BUILT_PRODUCTS_DIR; };
		C68F238B210EA2DE00ADE1B4 /* MToolsDemo.app */ = {isa = PBXFileReference; explicitFileType = wrapper.application; includeInIndex = 0; path = MToolsDemo.app; sourceTree = BUILT_PRODUCTS_DIR; };
		C68F238E210EA2DE00ADE1B4 /* AppDelegate.h */ = {isa = PBXFileReference; lastKnownFileType = sourcecode.c.h; path = AppDelegate.h; sourceTree = "<group>"; };
		C68F238F210EA2DE00ADE1B4 /* AppDelegate.m */ = {isa = PBXFileReference; lastKnownFileType = sourcecode.c.objc; path = AppDelegate.m; sourceTree = "<group>"; };
		C68F2391210EA2DE00ADE1B4 /* ViewController.h */ = {isa = PBXFileReference; lastKnownFileType = sourcecode.c.h; path = ViewController.h; sourceTree = "<group>"; };
		C68F2392210EA2DE00ADE1B4 /* ViewController.m */ = {isa = PBXFileReference; lastKnownFileType = sourcecode.c.objc; path = ViewController.m; sourceTree = "<group>"; };
		C68F2395210EA2DE00ADE1B4 /* Base */ = {isa = PBXFileReference; lastKnownFileType = file.storyboard; name = Base; path = Base.lproj/Main.storyboard; sourceTree = "<group>"; };
		C68F2397210EA2E000ADE1B4 /* Assets.xcassets */ = {isa = PBXFileReference; lastKnownFileType = folder.assetcatalog; path = Assets.xcassets; sourceTree = "<group>"; };
		C68F239A210EA2E000ADE1B4 /* Base */ = {isa = PBXFileReference; lastKnownFileType = file.storyboard; name = Base; path = Base.lproj/LaunchScreen.storyboard; sourceTree = "<group>"; };
		C68F239C210EA2E000ADE1B4 /* Info.plist */ = {isa = PBXFileReference; lastKnownFileType = text.plist.xml; path = Info.plist; sourceTree = "<group>"; };
		C68F239D210EA2E000ADE1B4 /* main.m */ = {isa = PBXFileReference; lastKnownFileType = sourcecode.c.objc; path = main.m; sourceTree = "<group>"; };
		C68F23E9210EA5A600ADE1B4 /* MNavigationViewController.h */ = {isa = PBXFileReference; fileEncoding = 4; lastKnownFileType = sourcecode.c.h; path = MNavigationViewController.h; sourceTree = "<group>"; };
		C68F23EA210EA5A600ADE1B4 /* MNavigationViewController.m */ = {isa = PBXFileReference; fileEncoding = 4; lastKnownFileType = sourcecode.c.objc; path = MNavigationViewController.m; sourceTree = "<group>"; };
		C68F23EE210EAD1600ADE1B4 /* SliderViewController.h */ = {isa = PBXFileReference; lastKnownFileType = sourcecode.c.h; path = SliderViewController.h; sourceTree = "<group>"; };
		C68F23EF210EAD1600ADE1B4 /* SliderViewController.m */ = {isa = PBXFileReference; lastKnownFileType = sourcecode.c.objc; path = SliderViewController.m; sourceTree = "<group>"; };
		C68F23F3210EAE3C00ADE1B4 /* MSliderProgressView.h */ = {isa = PBXFileReference; lastKnownFileType = sourcecode.c.h; path = MSliderProgressView.h; sourceTree = "<group>"; };
		C68F23F4210EAE3C00ADE1B4 /* MSliderProgressView.m */ = {isa = PBXFileReference; lastKnownFileType = sourcecode.c.objc; path = MSliderProgressView.m; sourceTree = "<group>"; };
		C68F23F6210EAE6900ADE1B4 /* UIView+MSlider.h */ = {isa = PBXFileReference; lastKnownFileType = sourcecode.c.h; path = "UIView+MSlider.h"; sourceTree = "<group>"; };
		C68F23F7210EAE6900ADE1B4 /* UIView+MSlider.m */ = {isa = PBXFileReference; lastKnownFileType = sourcecode.c.objc; path = "UIView+MSlider.m"; sourceTree = "<group>"; };
		C68F23FA210EF66500ADE1B4 /* MSlideButtonView.m */ = {isa = PBXFileReference; fileEncoding = 4; lastKnownFileType = sourcecode.c.objc; path = MSlideButtonView.m; sourceTree = "<group>"; };
		C68F23FB210EF66500ADE1B4 /* MSlideButtonView.h */ = {isa = PBXFileReference; fileEncoding = 4; lastKnownFileType = sourcecode.c.h; path = MSlideButtonView.h; sourceTree = "<group>"; };
		C68F23FC210EF66500ADE1B4 /* MSlideButtonCollectionViewCell.m */ = {isa = PBXFileReference; fileEncoding = 4; lastKnownFileType = sourcecode.c.objc; path = MSlideButtonCollectionViewCell.m; sourceTree = "<group>"; };
		C68F23FD210EF66500ADE1B4 /* MSlideButtonCollectionViewCell.h */ = {isa = PBXFileReference; fileEncoding = 4; lastKnownFileType = sourcecode.c.h; path = MSlideButtonCollectionViewCell.h; sourceTree = "<group>"; };
		C68F2400210EF73B00ADE1B4 /* NSString+MSliderButton.h */ = {isa = PBXFileReference; lastKnownFileType = sourcecode.c.h; path = "NSString+MSliderButton.h"; sourceTree = "<group>"; };
		C68F2401210EF73B00ADE1B4 /* NSString+MSliderButton.m */ = {isa = PBXFileReference; lastKnownFileType = sourcecode.c.objc; path = "NSString+MSliderButton.m"; sourceTree = "<group>"; };
		C68F2403210EF7F300ADE1B4 /* SliderButtonViewController.h */ = {isa = PBXFileReference; lastKnownFileType = sourcecode.c.h; path = SliderButtonViewController.h; sourceTree = "<group>"; };
		C68F2404210EF7F300ADE1B4 /* SliderButtonViewController.m */ = {isa = PBXFileReference; lastKnownFileType = sourcecode.c.objc; path = SliderButtonViewController.m; sourceTree = "<group>"; };
		C68F244421103D9A00ADE1B4 /* UIView+EasyShow.h */ = {isa = PBXFileReference; lastKnownFileType = sourcecode.c.h; path = "UIView+EasyShow.h"; sourceTree = "<group>"; };
		C68F244521103D9A00ADE1B4 /* UIView+EasyShow.m */ = {isa = PBXFileReference; lastKnownFileType = sourcecode.c.objc; path = "UIView+EasyShow.m"; sourceTree = "<group>"; };
		C68F244721103DF000ADE1B4 /* GKShowEasyViewHUD.h */ = {isa = PBXFileReference; fileEncoding = 4; lastKnownFileType = sourcecode.c.h; path = GKShowEasyViewHUD.h; sourceTree = "<group>"; };
		C68F244821103DF100ADE1B4 /* GKShowEasyViewHUD.m */ = {isa = PBXFileReference; fileEncoding = 4; lastKnownFileType = sourcecode.c.objc; path = GKShowEasyViewHUD.m; sourceTree = "<group>"; };
		C68F244B21103FFD00ADE1B4 /* HUDViewController.h */ = {isa = PBXFileReference; lastKnownFileType = sourcecode.c.h; path = HUDViewController.h; sourceTree = "<group>"; };
		C68F244C21103FFD00ADE1B4 /* HUDViewController.m */ = {isa = PBXFileReference; lastKnownFileType = sourcecode.c.objc; path = HUDViewController.m; sourceTree = "<group>"; };
		C68F244F2110420000ADE1B4 /* MLoadingViewHUD.h */ = {isa = PBXFileReference; lastKnownFileType = sourcecode.c.h; path = MLoadingViewHUD.h; sourceTree = "<group>"; };
		C68F24502110420000ADE1B4 /* MLoadingViewHUD.m */ = {isa = PBXFileReference; lastKnownFileType = sourcecode.c.objc; path = MLoadingViewHUD.m; sourceTree = "<group>"; };
		C68F24522110493B00ADE1B4 /* MLoadingOptions.h */ = {isa = PBXFileReference; lastKnownFileType = sourcecode.c.h; path = MLoadingOptions.h; sourceTree = "<group>"; };
		C68F24532110493B00ADE1B4 /* MLoadingOptions.m */ = {isa = PBXFileReference; lastKnownFileType = sourcecode.c.objc; path = MLoadingOptions.m; sourceTree = "<group>"; };
		C68F2459211073A600ADE1B4 /* MLoadingType.h */ = {isa = PBXFileReference; lastKnownFileType = sourcecode.c.h; path = MLoadingType.h; sourceTree = "<group>"; };
		C68F245A211073A600ADE1B4 /* MLoadingType.m */ = {isa = PBXFileReference; lastKnownFileType = sourcecode.c.objc; path = MLoadingType.m; sourceTree = "<group>"; };
		C6A293622111AE8A00EF1F5E /* UIView+Loading.h */ = {isa = PBXFileReference; lastKnownFileType = sourcecode.c.h; path = "UIView+Loading.h"; sourceTree = "<group>"; };
		C6A293632111AE8A00EF1F5E /* UIView+Loading.m */ = {isa = PBXFileReference; lastKnownFileType = sourcecode.c.objc; path = "UIView+Loading.m"; sourceTree = "<group>"; };
		C6A293652111C83900EF1F5E /* MEasyShowLabel.h */ = {isa = PBXFileReference; fileEncoding = 4; lastKnownFileType = sourcecode.c.h; path = MEasyShowLabel.h; sourceTree = "<group>"; };
		C6A293662111C83900EF1F5E /* MEasyShowLabel.m */ = {isa = PBXFileReference; fileEncoding = 4; lastKnownFileType = sourcecode.c.objc; path = MEasyShowLabel.m; sourceTree = "<group>"; };
		C6A2937721192E0600EF1F5E /* MReplyCommentView.h */ = {isa = PBXFileReference; fileEncoding = 4; lastKnownFileType = sourcecode.c.h; path = MReplyCommentView.h; sourceTree = "<group>"; };
		C6A2937821192E0600EF1F5E /* MReplyCommentView.m */ = {isa = PBXFileReference; fileEncoding = 4; lastKnownFileType = sourcecode.c.objc; path = MReplyCommentView.m; sourceTree = "<group>"; };
		C6A2937B21192EAA00EF1F5E /* EasyKeyboardViewController.h */ = {isa = PBXFileReference; lastKnownFileType = sourcecode.c.h; path = EasyKeyboardViewController.h; sourceTree = "<group>"; };
		C6A2937C21192EAA00EF1F5E /* EasyKeyboardViewController.m */ = {isa = PBXFileReference; lastKnownFileType = sourcecode.c.objc; path = EasyKeyboardViewController.m; sourceTree = "<group>"; };
		C6A2937F2119324B00EF1F5E /* MKeyboardInputView.h */ = {isa = PBXFileReference; lastKnownFileType = sourcecode.c.h; path = MKeyboardInputView.h; sourceTree = "<group>"; };
		C6A293802119324B00EF1F5E /* MKeyboardInputView.m */ = {isa = PBXFileReference; lastKnownFileType = sourcecode.c.objc; path = MKeyboardInputView.m; sourceTree = "<group>"; };
		C6A293822119347A00EF1F5E /* UIView+MKeyboard.h */ = {isa = PBXFileReference; lastKnownFileType = sourcecode.c.h; path = "UIView+MKeyboard.h"; sourceTree = "<group>"; };
		C6A293832119347A00EF1F5E /* UIView+MKeyboard.m */ = {isa = PBXFileReference; lastKnownFileType = sourcecode.c.objc; path = "UIView+MKeyboard.m"; sourceTree = "<group>"; };
		C6A293852119352400EF1F5E /* MKeyboardDefineHeader.h */ = {isa = PBXFileReference; lastKnownFileType = sourcecode.c.h; path = MKeyboardDefineHeader.h; sourceTree = "<group>"; };
		C6A29386211972BD00EF1F5E /* MTextView.h */ = {isa = PBXFileReference; lastKnownFileType = sourcecode.c.h; path = MTextView.h; sourceTree = "<group>"; };
		C6A29387211972BD00EF1F5E /* MTextView.m */ = {isa = PBXFileReference; lastKnownFileType = sourcecode.c.objc; path = MTextView.m; sourceTree = "<group>"; };
		C6A2938A21197BCD00EF1F5E /* MKeyboardBundle.bundle */ = {isa = PBXFileReference; lastKnownFileType = "wrapper.plug-in"; path = MKeyboardBundle.bundle; sourceTree = "<group>"; };
		C6A2938C21197C2D00EF1F5E /* UIImage+MKeyboard.h */ = {isa = PBXFileReference; lastKnownFileType = sourcecode.c.h; path = "UIImage+MKeyboard.h"; sourceTree = "<group>"; };
		C6A2938D21197C2D00EF1F5E /* UIImage+MKeyboard.m */ = {isa = PBXFileReference; lastKnownFileType = sourcecode.c.objc; path = "UIImage+MKeyboard.m"; sourceTree = "<group>"; };
		C6A2939021198A7700EF1F5E /* MEmojiPackage.h */ = {isa = PBXFileReference; lastKnownFileType = sourcecode.c.h; path = MEmojiPackage.h; sourceTree = "<group>"; };
		C6A2939121198A7700EF1F5E /* MEmojiPackage.m */ = {isa = PBXFileReference; lastKnownFileType = sourcecode.c.objc; path = MEmojiPackage.m; sourceTree = "<group>"; };
		C6A2939621199A8F00EF1F5E /* MMatchingEmojiManager.h */ = {isa = PBXFileReference; lastKnownFileType = sourcecode.c.h; path = MMatchingEmojiManager.h; sourceTree = "<group>"; };
		C6A2939721199A8F00EF1F5E /* MMatchingEmojiManager.m */ = {isa = PBXFileReference; lastKnownFileType = sourcecode.c.objc; path = MMatchingEmojiManager.m; sourceTree = "<group>"; };
		C6A2939921199D5900EF1F5E /* MEmojiKeyboardView.h */ = {isa = PBXFileReference; lastKnownFileType = sourcecode.c.h; path = MEmojiKeyboardView.h; sourceTree = "<group>"; };
		C6A2939A21199D5900EF1F5E /* MEmojiKeyboardView.m */ = {isa = PBXFileReference; lastKnownFileType = sourcecode.c.objc; path = MEmojiKeyboardView.m; sourceTree = "<group>"; };
		C6A293A42119AB5F00EF1F5E /* MEmojiIndicatorButton.h */ = {isa = PBXFileReference; lastKnownFileType = sourcecode.c.h; path = MEmojiIndicatorButton.h; sourceTree = "<group>"; };
		C6A293A52119AB5F00EF1F5E /* MEmojiIndicatorButton.m */ = {isa = PBXFileReference; lastKnownFileType = sourcecode.c.objc; path = MEmojiIndicatorButton.m; sourceTree = "<group>"; };
		C6A293A72119AD7800EF1F5E /* MEmojiPageScrollView.h */ = {isa = PBXFileReference; lastKnownFileType = sourcecode.c.h; path = MEmojiPageScrollView.h; sourceTree = "<group>"; };
		C6A293A82119AD7800EF1F5E /* MEmojiPageScrollView.m */ = {isa = PBXFileReference; lastKnownFileType = sourcecode.c.objc; path = MEmojiPageScrollView.m; sourceTree = "<group>"; };
		C6A293AD2119B94600EF1F5E /* MEmojiPageView.h */ = {isa = PBXFileReference; lastKnownFileType = sourcecode.c.h; path = MEmojiPageView.h; sourceTree = "<group>"; };
		C6A293AE2119B94600EF1F5E /* MEmojiPageView.m */ = {isa = PBXFileReference; lastKnownFileType = sourcecode.c.objc; path = MEmojiPageView.m; sourceTree = "<group>"; };
		E47FD7B1FB8FD3D38F15D962 /* Pods-MToolsDemo.release.xcconfig */ = {isa = PBXFileReference; includeInIndex = 1; lastKnownFileType = text.xcconfig; name = "Pods-MToolsDemo.release.xcconfig"; path = "Pods/Target Support Files/Pods-MToolsDemo/Pods-MToolsDemo.release.xcconfig"; sourceTree = "<group>"; };
/* End PBXFileReference section */

/* Begin PBXFrameworksBuildPhase section */
		C68F2388210EA2DE00ADE1B4 /* Frameworks */ = {
			isa = PBXFrameworksBuildPhase;
			buildActionMask = 2147483647;
			files = (
				911C0275CD92BF5901E7FA48 /* libPods-MToolsDemo.a in Frameworks */,
			);
			runOnlyForDeploymentPostprocessing = 0;
		};
/* End PBXFrameworksBuildPhase section */

/* Begin PBXGroup section */
		423C4F0C9DC5C593645299C5 /* Frameworks */ = {
			isa = PBXGroup;
			children = (
				C1E3279B0662217A42ABCF70 /* libPods-MToolsDemo.a */,
			);
			name = Frameworks;
			sourceTree = "<group>";
		};
		5ACB8594A940FB79208F7174 /* Pods */ = {
			isa = PBXGroup;
			children = (
				6609A7D54ED33EFBA4D2C814 /* Pods-MToolsDemo.debug.xcconfig */,
				E47FD7B1FB8FD3D38F15D962 /* Pods-MToolsDemo.release.xcconfig */,
			);
			name = Pods;
			sourceTree = "<group>";
		};
		C68F2382210EA2DE00ADE1B4 = {
			isa = PBXGroup;
			children = (
				C68F238D210EA2DE00ADE1B4 /* MToolsDemo */,
				C68F238C210EA2DE00ADE1B4 /* Products */,
				5ACB8594A940FB79208F7174 /* Pods */,
				423C4F0C9DC5C593645299C5 /* Frameworks */,
			);
			sourceTree = "<group>";
		};
		C68F238C210EA2DE00ADE1B4 /* Products */ = {
			isa = PBXGroup;
			children = (
				C68F238B210EA2DE00ADE1B4 /* MToolsDemo.app */,
			);
			name = Products;
			sourceTree = "<group>";
		};
		C68F238D210EA2DE00ADE1B4 /* MToolsDemo */ = {
			isa = PBXGroup;
			children = (
				C68F23F1210EAE0800ADE1B4 /* Tools */,
				C68F23E8210EA5A600ADE1B4 /* Main */,
				C68F23A4210EA4D800ADE1B4 /* Control */,
				C68F2394210EA2DE00ADE1B4 /* Main.storyboard */,
				C68F2397210EA2E000ADE1B4 /* Assets.xcassets */,
				C68F2399210EA2E000ADE1B4 /* LaunchScreen.storyboard */,
				C68F239C210EA2E000ADE1B4 /* Info.plist */,
				C68F239D210EA2E000ADE1B4 /* main.m */,
			);
			path = MToolsDemo;
			sourceTree = "<group>";
		};
		C68F23A4210EA4D800ADE1B4 /* Control */ = {
			isa = PBXGroup;
			children = (
				C6A2937A21192E8C00EF1F5E /* KeyboardViewControl */,
				C68F244A21103FF000ADE1B4 /* HUDViewControl */,
				C68F23ED210EAD0700ADE1B4 /* SlideViewControl */,
				C68F23EC210EACF800ADE1B4 /* RootControl */,
			);
			path = Control;
			sourceTree = "<group>";
		};
		C68F23A5210EA4ED00ADE1B4 /* Other */ = {
			isa = PBXGroup;
			children = (
				C68F238E210EA2DE00ADE1B4 /* AppDelegate.h */,
				C68F238F210EA2DE00ADE1B4 /* AppDelegate.m */,
			);
			path = Other;
			sourceTree = "<group>";
		};
		C68F23E8210EA5A600ADE1B4 /* Main */ = {
			isa = PBXGroup;
			children = (
				C68F23A5210EA4ED00ADE1B4 /* Other */,
				C68F23E9210EA5A600ADE1B4 /* MNavigationViewController.h */,
				C68F23EA210EA5A600ADE1B4 /* MNavigationViewController.m */,
			);
			path = Main;
			sourceTree = "<group>";
		};
		C68F23EC210EACF800ADE1B4 /* RootControl */ = {
			isa = PBXGroup;
			children = (
				C68F2391210EA2DE00ADE1B4 /* ViewController.h */,
				C68F2392210EA2DE00ADE1B4 /* ViewController.m */,
			);
			path = RootControl;
			sourceTree = "<group>";
		};
		C68F23ED210EAD0700ADE1B4 /* SlideViewControl */ = {
			isa = PBXGroup;
			children = (
				C68F23EE210EAD1600ADE1B4 /* SliderViewController.h */,
				C68F23EF210EAD1600ADE1B4 /* SliderViewController.m */,
				C68F2403210EF7F300ADE1B4 /* SliderButtonViewController.h */,
				C68F2404210EF7F300ADE1B4 /* SliderButtonViewController.m */,
			);
			path = SlideViewControl;
			sourceTree = "<group>";
		};
		C68F23F1210EAE0800ADE1B4 /* Tools */ = {
			isa = PBXGroup;
			children = (
				C6A2937E2119322900EF1F5E /* MKeyboardView */,
				C6A2937621192E0600EF1F5E /* MReplyView */,
				C68F244E211041E100ADE1B4 /* MLoadingHUD */,
				C68F244321103CF100ADE1B4 /* MEasyShowHUD */,
				C68F23F9210EF62900ADE1B4 /* MSliderButton */,
				C68F23F2210EAE2100ADE1B4 /* MSliderProgressView */,
			);
			path = Tools;
			sourceTree = "<group>";
		};
		C68F23F2210EAE2100ADE1B4 /* MSliderProgressView */ = {
			isa = PBXGroup;
			children = (
				C68F23F3210EAE3C00ADE1B4 /* MSliderProgressView.h */,
				C68F23F4210EAE3C00ADE1B4 /* MSliderProgressView.m */,
				C68F23F6210EAE6900ADE1B4 /* UIView+MSlider.h */,
				C68F23F7210EAE6900ADE1B4 /* UIView+MSlider.m */,
			);
			path = MSliderProgressView;
			sourceTree = "<group>";
		};
		C68F23F9210EF62900ADE1B4 /* MSliderButton */ = {
			isa = PBXGroup;
			children = (
				C68F23FB210EF66500ADE1B4 /* MSlideButtonView.h */,
				C68F23FA210EF66500ADE1B4 /* MSlideButtonView.m */,
				C68F23FD210EF66500ADE1B4 /* MSlideButtonCollectionViewCell.h */,
				C68F23FC210EF66500ADE1B4 /* MSlideButtonCollectionViewCell.m */,
				C68F2400210EF73B00ADE1B4 /* NSString+MSliderButton.h */,
				C68F2401210EF73B00ADE1B4 /* NSString+MSliderButton.m */,
			);
			path = MSliderButton;
			sourceTree = "<group>";
		};
		C68F244321103CF100ADE1B4 /* MEasyShowHUD */ = {
			isa = PBXGroup;
			children = (
				C68F244721103DF000ADE1B4 /* GKShowEasyViewHUD.h */,
				C68F244821103DF100ADE1B4 /* GKShowEasyViewHUD.m */,
				C68F244421103D9A00ADE1B4 /* UIView+EasyShow.h */,
				C68F244521103D9A00ADE1B4 /* UIView+EasyShow.m */,
			);
			path = MEasyShowHUD;
			sourceTree = "<group>";
		};
		C68F244A21103FF000ADE1B4 /* HUDViewControl */ = {
			isa = PBXGroup;
			children = (
				C68F244B21103FFD00ADE1B4 /* HUDViewController.h */,
				C68F244C21103FFD00ADE1B4 /* HUDViewController.m */,
			);
			path = HUDViewControl;
			sourceTree = "<group>";
		};
		C68F244E211041E100ADE1B4 /* MLoadingHUD */ = {
			isa = PBXGroup;
			children = (
				C68F244F2110420000ADE1B4 /* MLoadingViewHUD.h */,
				C68F24502110420000ADE1B4 /* MLoadingViewHUD.m */,
				C68F24522110493B00ADE1B4 /* MLoadingOptions.h */,
				C68F24532110493B00ADE1B4 /* MLoadingOptions.m */,
				C68F2459211073A600ADE1B4 /* MLoadingType.h */,
				C68F245A211073A600ADE1B4 /* MLoadingType.m */,
				C6A293622111AE8A00EF1F5E /* UIView+Loading.h */,
				C6A293632111AE8A00EF1F5E /* UIView+Loading.m */,
				C6A293652111C83900EF1F5E /* MEasyShowLabel.h */,
				C6A293662111C83900EF1F5E /* MEasyShowLabel.m */,
			);
			path = MLoadingHUD;
			sourceTree = "<group>";
		};
		C6A2937621192E0600EF1F5E /* MReplyView */ = {
			isa = PBXGroup;
			children = (
				C6A2937721192E0600EF1F5E /* MReplyCommentView.h */,
				C6A2937821192E0600EF1F5E /* MReplyCommentView.m */,
			);
			path = MReplyView;
			sourceTree = "<group>";
		};
		C6A2937A21192E8C00EF1F5E /* KeyboardViewControl */ = {
			isa = PBXGroup;
			children = (
				C6A2937B21192EAA00EF1F5E /* EasyKeyboardViewController.h */,
				C6A2937C21192EAA00EF1F5E /* EasyKeyboardViewController.m */,
			);
			path = KeyboardViewControl;
			sourceTree = "<group>";
		};
		C6A2937E2119322900EF1F5E /* MKeyboardView */ = {
			isa = PBXGroup;
			children = (
				C6A2938921197B9B00EF1F5E /* Keyboard */,
				C6A2937F2119324B00EF1F5E /* MKeyboardInputView.h */,
				C6A293802119324B00EF1F5E /* MKeyboardInputView.m */,
				C6A293852119352400EF1F5E /* MKeyboardDefineHeader.h */,
			);
			path = MKeyboardView;
			sourceTree = "<group>";
		};
		C6A2938921197B9B00EF1F5E /* Keyboard */ = {
			isa = PBXGroup;
			children = (
				C6A2939521198D2300EF1F5E /* Other */,
				C6A2939421198C4700EF1F5E /* Subview */,
				C6A2939321198C2000EF1F5E /* Category */,
				C6A2938F21198A5D00EF1F5E /* EmojiModel */,
			);
			path = Keyboard;
			sourceTree = "<group>";
		};
		C6A2938F21198A5D00EF1F5E /* EmojiModel */ = {
			isa = PBXGroup;
			children = (
				C6A2939021198A7700EF1F5E /* MEmojiPackage.h */,
				C6A2939121198A7700EF1F5E /* MEmojiPackage.m */,
			);
			path = EmojiModel;
			sourceTree = "<group>";
		};
		C6A2939321198C2000EF1F5E /* Category */ = {
			isa = PBXGroup;
			children = (
				C6A2938C21197C2D00EF1F5E /* UIImage+MKeyboard.h */,
				C6A2938D21197C2D00EF1F5E /* UIImage+MKeyboard.m */,
				C6A293822119347A00EF1F5E /* UIView+MKeyboard.h */,
				C6A293832119347A00EF1F5E /* UIView+MKeyboard.m */,
			);
			path = Category;
			sourceTree = "<group>";
		};
		C6A2939421198C4700EF1F5E /* Subview */ = {
			isa = PBXGroup;
			children = (
				C6A29386211972BD00EF1F5E /* MTextView.h */,
				C6A29387211972BD00EF1F5E /* MTextView.m */,
				C6A2939921199D5900EF1F5E /* MEmojiKeyboardView.h */,
				C6A2939A21199D5900EF1F5E /* MEmojiKeyboardView.m */,
				C6A293A42119AB5F00EF1F5E /* MEmojiIndicatorButton.h */,
				C6A293A52119AB5F00EF1F5E /* MEmojiIndicatorButton.m */,
				C6A293A72119AD7800EF1F5E /* MEmojiPageScrollView.h */,
				C6A293A82119AD7800EF1F5E /* MEmojiPageScrollView.m */,
				C6A293AD2119B94600EF1F5E /* MEmojiPageView.h */,
				C6A293AE2119B94600EF1F5E /* MEmojiPageView.m */,
			);
			path = Subview;
			sourceTree = "<group>";
		};
		C6A2939521198D2300EF1F5E /* Other */ = {
			isa = PBXGroup;
			children = (
				C6A2939621199A8F00EF1F5E /* MMatchingEmojiManager.h */,
				C6A2939721199A8F00EF1F5E /* MMatchingEmojiManager.m */,
				C6A2938A21197BCD00EF1F5E /* MKeyboardBundle.bundle */,
			);
			path = Other;
			sourceTree = "<group>";
		};
/* End PBXGroup section */

/* Begin PBXNativeTarget section */
		C68F238A210EA2DE00ADE1B4 /* MToolsDemo */ = {
			isa = PBXNativeTarget;
			buildConfigurationList = C68F23A1210EA2E000ADE1B4 /* Build configuration list for PBXNativeTarget "MToolsDemo" */;
			buildPhases = (
				138352F89CC59C258D244CF5 /* [CP] Check Pods Manifest.lock */,
				C68F2387210EA2DE00ADE1B4 /* Sources */,
				C68F2388210EA2DE00ADE1B4 /* Frameworks */,
				C68F2389210EA2DE00ADE1B4 /* Resources */,
			);
			buildRules = (
			);
			dependencies = (
			);
			name = MToolsDemo;
			productName = MToolsDemo;
			productReference = C68F238B210EA2DE00ADE1B4 /* MToolsDemo.app */;
			productType = "com.apple.product-type.application";
		};
/* End PBXNativeTarget section */

/* Begin PBXProject section */
		C68F2383210EA2DE00ADE1B4 /* Project object */ = {
			isa = PBXProject;
			attributes = {
				LastUpgradeCheck = 0940;
				ORGANIZATIONNAME = magic;
				TargetAttributes = {
					C68F238A210EA2DE00ADE1B4 = {
						CreatedOnToolsVersion = 9.4.1;
					};
				};
			};
			buildConfigurationList = C68F2386210EA2DE00ADE1B4 /* Build configuration list for PBXProject "MToolsDemo" */;
			compatibilityVersion = "Xcode 9.3";
			developmentRegion = en;
			hasScannedForEncodings = 0;
			knownRegions = (
				en,
				Base,
			);
			mainGroup = C68F2382210EA2DE00ADE1B4;
			productRefGroup = C68F238C210EA2DE00ADE1B4 /* Products */;
			projectDirPath = "";
			projectRoot = "";
			targets = (
				C68F238A210EA2DE00ADE1B4 /* MToolsDemo */,
			);
		};
/* End PBXProject section */

/* Begin PBXResourcesBuildPhase section */
		C68F2389210EA2DE00ADE1B4 /* Resources */ = {
			isa = PBXResourcesBuildPhase;
			buildActionMask = 2147483647;
			files = (
				C68F239B210EA2E000ADE1B4 /* LaunchScreen.storyboard in Resources */,
				C68F2398210EA2E000ADE1B4 /* Assets.xcassets in Resources */,
				C6A2938B21197BCD00EF1F5E /* MKeyboardBundle.bundle in Resources */,
				C68F2396210EA2DE00ADE1B4 /* Main.storyboard in Resources */,
			);
			runOnlyForDeploymentPostprocessing = 0;
		};
/* End PBXResourcesBuildPhase section */

/* Begin PBXShellScriptBuildPhase section */
		138352F89CC59C258D244CF5 /* [CP] Check Pods Manifest.lock */ = {
			isa = PBXShellScriptBuildPhase;
			buildActionMask = 2147483647;
			files = (
			);
			inputPaths = (
				"${PODS_PODFILE_DIR_PATH}/Podfile.lock",
				"${PODS_ROOT}/Manifest.lock",
			);
			name = "[CP] Check Pods Manifest.lock";
			outputPaths = (
				"$(DERIVED_FILE_DIR)/Pods-MToolsDemo-checkManifestLockResult.txt",
			);
			runOnlyForDeploymentPostprocessing = 0;
			shellPath = /bin/sh;
			shellScript = "diff \"${PODS_PODFILE_DIR_PATH}/Podfile.lock\" \"${PODS_ROOT}/Manifest.lock\" > /dev/null\nif [ $? != 0 ] ; then\n    # print error to STDERR\n    echo \"error: The sandbox is not in sync with the Podfile.lock. Run 'pod install' or update your CocoaPods installation.\" >&2\n    exit 1\nfi\n# This output is used by Xcode 'outputs' to avoid re-running this script phase.\necho \"SUCCESS\" > \"${SCRIPT_OUTPUT_FILE_0}\"\n";
			showEnvVarsInLog = 0;
		};
/* End PBXShellScriptBuildPhase section */

/* Begin PBXSourcesBuildPhase section */
		C68F2387210EA2DE00ADE1B4 /* Sources */ = {
			isa = PBXSourcesBuildPhase;
			buildActionMask = 2147483647;
			files = (
				C6A293672111C83900EF1F5E /* MEasyShowLabel.m in Sources */,
				C6A2939221198A7700EF1F5E /* MEmojiPackage.m in Sources */,
				C6A2939821199A8F00EF1F5E /* MMatchingEmojiManager.m in Sources */,
				C68F2402210EF73B00ADE1B4 /* NSString+MSliderButton.m in Sources */,
				C68F23F5210EAE3C00ADE1B4 /* MSliderProgressView.m in Sources */,
				C6A2937D21192EAA00EF1F5E /* EasyKeyboardViewController.m in Sources */,
				C68F23F8210EAE6900ADE1B4 /* UIView+MSlider.m in Sources */,
				C68F24542110493B00ADE1B4 /* MLoadingOptions.m in Sources */,
				C6A2939B21199D5900EF1F5E /* MEmojiKeyboardView.m in Sources */,
				C68F23FE210EF66500ADE1B4 /* MSlideButtonView.m in Sources */,
				C68F244D21103FFD00ADE1B4 /* HUDViewController.m in Sources */,
				C68F23F0210EAD1600ADE1B4 /* SliderViewController.m in Sources */,
				C6A2938E21197C2D00EF1F5E /* UIImage+MKeyboard.m in Sources */,
				C6A293A62119AB5F00EF1F5E /* MEmojiIndicatorButton.m in Sources */,
				C68F24512110420000ADE1B4 /* MLoadingViewHUD.m in Sources */,
				C6A293A92119AD7800EF1F5E /* MEmojiPageScrollView.m in Sources */,
				C68F245B211073A600ADE1B4 /* MLoadingType.m in Sources */,
				C68F23EB210EA5A700ADE1B4 /* MNavigationViewController.m in Sources */,
				C68F2393210EA2DE00ADE1B4 /* ViewController.m in Sources */,
				C68F23FF210EF66500ADE1B4 /* MSlideButtonCollectionViewCell.m in Sources */,
				C6A293812119324B00EF1F5E /* MKeyboardInputView.m in Sources */,
				C68F239E210EA2E000ADE1B4 /* main.m in Sources */,
				C68F2390210EA2DE00ADE1B4 /* AppDelegate.m in Sources */,
				C6A293AF2119B94600EF1F5E /* MEmojiPageView.m in Sources */,
				C6A293842119347A00EF1F5E /* UIView+MKeyboard.m in Sources */,
				C68F2405210EF7F300ADE1B4 /* SliderButtonViewController.m in Sources */,
				C6A29388211972BE00EF1F5E /* MTextView.m in Sources */,
				C68F244921103DF100ADE1B4 /* GKShowEasyViewHUD.m in Sources */,
				C6A2937921192E0700EF1F5E /* MReplyCommentView.m in Sources */,
				C68F244621103D9A00ADE1B4 /* UIView+EasyShow.m in Sources */,
				C6A293642111AE8A00EF1F5E /* UIView+Loading.m in Sources */,
			);
			runOnlyForDeploymentPostprocessing = 0;
		};
/* End PBXSourcesBuildPhase section */

/* Begin PBXVariantGroup section */
		C68F2394210EA2DE00ADE1B4 /* Main.storyboard */ = {
			isa = PBXVariantGroup;
			children = (
				C68F2395210EA2DE00ADE1B4 /* Base */,
			);
			name = Main.storyboard;
			sourceTree = "<group>";
		};
		C68F2399210EA2E000ADE1B4 /* LaunchScreen.storyboard */ = {
			isa = PBXVariantGroup;
			children = (
				C68F239A210EA2E000ADE1B4 /* Base */,
			);
			name = LaunchScreen.storyboard;
			sourceTree = "<group>";
		};
/* End PBXVariantGroup section */

/* Begin XCBuildConfiguration section */
		C68F239F210EA2E000ADE1B4 /* Debug */ = {
			isa = XCBuildConfiguration;
			buildSettings = {
				ALWAYS_SEARCH_USER_PATHS = NO;
				CLANG_ANALYZER_NONNULL = YES;
				CLANG_ANALYZER_NUMBER_OBJECT_CONVERSION = YES_AGGRESSIVE;
				CLANG_CXX_LANGUAGE_STANDARD = "gnu++14";
				CLANG_CXX_LIBRARY = "libc++";
				CLANG_ENABLE_MODULES = YES;
				CLANG_ENABLE_OBJC_ARC = YES;
				CLANG_ENABLE_OBJC_WEAK = YES;
				CLANG_WARN_BLOCK_CAPTURE_AUTORELEASING = YES;
				CLANG_WARN_BOOL_CONVERSION = YES;
				CLANG_WARN_COMMA = YES;
				CLANG_WARN_CONSTANT_CONVERSION = YES;
				CLANG_WARN_DEPRECATED_OBJC_IMPLEMENTATIONS = YES;
				CLANG_WARN_DIRECT_OBJC_ISA_USAGE = YES_ERROR;
				CLANG_WARN_DOCUMENTATION_COMMENTS = YES;
				CLANG_WARN_EMPTY_BODY = YES;
				CLANG_WARN_ENUM_CONVERSION = YES;
				CLANG_WARN_INFINITE_RECURSION = YES;
				CLANG_WARN_INT_CONVERSION = YES;
				CLANG_WARN_NON_LITERAL_NULL_CONVERSION = YES;
				CLANG_WARN_OBJC_IMPLICIT_RETAIN_SELF = YES;
				CLANG_WARN_OBJC_LITERAL_CONVERSION = YES;
				CLANG_WARN_OBJC_ROOT_CLASS = YES_ERROR;
				CLANG_WARN_RANGE_LOOP_ANALYSIS = YES;
				CLANG_WARN_STRICT_PROTOTYPES = YES;
				CLANG_WARN_SUSPICIOUS_MOVE = YES;
				CLANG_WARN_UNGUARDED_AVAILABILITY = YES_AGGRESSIVE;
				CLANG_WARN_UNREACHABLE_CODE = YES;
				CLANG_WARN__DUPLICATE_METHOD_MATCH = YES;
				CODE_SIGN_IDENTITY = "iPhone Developer";
				COPY_PHASE_STRIP = NO;
				DEBUG_INFORMATION_FORMAT = dwarf;
				ENABLE_STRICT_OBJC_MSGSEND = YES;
				ENABLE_TESTABILITY = YES;
				GCC_C_LANGUAGE_STANDARD = gnu11;
				GCC_DYNAMIC_NO_PIC = NO;
				GCC_NO_COMMON_BLOCKS = YES;
				GCC_OPTIMIZATION_LEVEL = 0;
				GCC_PREPROCESSOR_DEFINITIONS = (
					"DEBUG=1",
					"$(inherited)",
				);
				GCC_WARN_64_TO_32_BIT_CONVERSION = YES;
				GCC_WARN_ABOUT_RETURN_TYPE = YES_ERROR;
				GCC_WARN_UNDECLARED_SELECTOR = YES;
				GCC_WARN_UNINITIALIZED_AUTOS = YES_AGGRESSIVE;
				GCC_WARN_UNUSED_FUNCTION = YES;
				GCC_WARN_UNUSED_VARIABLE = YES;
				IPHONEOS_DEPLOYMENT_TARGET = 11.4;
				MTL_ENABLE_DEBUG_INFO = YES;
				ONLY_ACTIVE_ARCH = YES;
				SDKROOT = iphoneos;
			};
			name = Debug;
		};
		C68F23A0210EA2E000ADE1B4 /* Release */ = {
			isa = XCBuildConfiguration;
			buildSettings = {
				ALWAYS_SEARCH_USER_PATHS = NO;
				CLANG_ANALYZER_NONNULL = YES;
				CLANG_ANALYZER_NUMBER_OBJECT_CONVERSION = YES_AGGRESSIVE;
				CLANG_CXX_LANGUAGE_STANDARD = "gnu++14";
				CLANG_CXX_LIBRARY = "libc++";
				CLANG_ENABLE_MODULES = YES;
				CLANG_ENABLE_OBJC_ARC = YES;
				CLANG_ENABLE_OBJC_WEAK = YES;
				CLANG_WARN_BLOCK_CAPTURE_AUTORELEASING = YES;
				CLANG_WARN_BOOL_CONVERSION = YES;
				CLANG_WARN_COMMA = YES;
				CLANG_WARN_CONSTANT_CONVERSION = YES;
				CLANG_WARN_DEPRECATED_OBJC_IMPLEMENTATIONS = YES;
				CLANG_WARN_DIRECT_OBJC_ISA_USAGE = YES_ERROR;
				CLANG_WARN_DOCUMENTATION_COMMENTS = YES;
				CLANG_WARN_EMPTY_BODY = YES;
				CLANG_WARN_ENUM_CONVERSION = YES;
				CLANG_WARN_INFINITE_RECURSION = YES;
				CLANG_WARN_INT_CONVERSION = YES;
				CLANG_WARN_NON_LITERAL_NULL_CONVERSION = YES;
				CLANG_WARN_OBJC_IMPLICIT_RETAIN_SELF = YES;
				CLANG_WARN_OBJC_LITERAL_CONVERSION = YES;
				CLANG_WARN_OBJC_ROOT_CLASS = YES_ERROR;
				CLANG_WARN_RANGE_LOOP_ANALYSIS = YES;
				CLANG_WARN_STRICT_PROTOTYPES = YES;
				CLANG_WARN_SUSPICIOUS_MOVE = YES;
				CLANG_WARN_UNGUARDED_AVAILABILITY = YES_AGGRESSIVE;
				CLANG_WARN_UNREACHABLE_CODE = YES;
				CLANG_WARN__DUPLICATE_METHOD_MATCH = YES;
				CODE_SIGN_IDENTITY = "iPhone Developer";
				COPY_PHASE_STRIP = NO;
				DEBUG_INFORMATION_FORMAT = "dwarf-with-dsym";
				ENABLE_NS_ASSERTIONS = NO;
				ENABLE_STRICT_OBJC_MSGSEND = YES;
				GCC_C_LANGUAGE_STANDARD = gnu11;
				GCC_NO_COMMON_BLOCKS = YES;
				GCC_WARN_64_TO_32_BIT_CONVERSION = YES;
				GCC_WARN_ABOUT_RETURN_TYPE = YES_ERROR;
				GCC_WARN_UNDECLARED_SELECTOR = YES;
				GCC_WARN_UNINITIALIZED_AUTOS = YES_AGGRESSIVE;
				GCC_WARN_UNUSED_FUNCTION = YES;
				GCC_WARN_UNUSED_VARIABLE = YES;
				IPHONEOS_DEPLOYMENT_TARGET = 11.4;
				MTL_ENABLE_DEBUG_INFO = NO;
				SDKROOT = iphoneos;
				VALIDATE_PRODUCT = YES;
			};
			name = Release;
		};
		C68F23A2210EA2E000ADE1B4 /* Debug */ = {
			isa = XCBuildConfiguration;
			baseConfigurationReference = 6609A7D54ED33EFBA4D2C814 /* Pods-MToolsDemo.debug.xcconfig */;
			buildSettings = {
				ASSETCATALOG_COMPILER_APPICON_NAME = AppIcon;
				CODE_SIGN_STYLE = Automatic;
				DEVELOPMENT_TEAM = X9W8FY6B6V;
				INFOPLIST_FILE = MToolsDemo/Info.plist;
				IPHONEOS_DEPLOYMENT_TARGET = 8.0;
				LD_RUNPATH_SEARCH_PATHS = (
					"$(inherited)",
					"@executable_path/Frameworks",
				);
				PRODUCT_BUNDLE_IDENTIFIER = com.koo.MToolsDemo;
				PRODUCT_NAME = "$(TARGET_NAME)";
				TARGETED_DEVICE_FAMILY = "1,2";
			};
			name = Debug;
		};
		C68F23A3210EA2E000ADE1B4 /* Release */ = {
			isa = XCBuildConfiguration;
			baseConfigurationReference = E47FD7B1FB8FD3D38F15D962 /* Pods-MToolsDemo.release.xcconfig */;
			buildSettings = {
				ASSETCATALOG_COMPILER_APPICON_NAME = AppIcon;
				CODE_SIGN_STYLE = Automatic;
				DEVELOPMENT_TEAM = X9W8FY6B6V;
				INFOPLIST_FILE = MToolsDemo/Info.plist;
				IPHONEOS_DEPLOYMENT_TARGET = 8.0;
				LD_RUNPATH_SEARCH_PATHS = (
					"$(inherited)",
					"@executable_path/Frameworks",
				);
				PRODUCT_BUNDLE_IDENTIFIER = com.koo.MToolsDemo;
				PRODUCT_NAME = "$(TARGET_NAME)";
				TARGETED_DEVICE_FAMILY = "1,2";
			};
			name = Release;
		};
/* End XCBuildConfiguration section */

/* Begin XCConfigurationList section */
		C68F2386210EA2DE00ADE1B4 /* Build configuration list for PBXProject "MToolsDemo" */ = {
			isa = XCConfigurationList;
			buildConfigurations = (
				C68F239F210EA2E000ADE1B4 /* Debug */,
				C68F23A0210EA2E000ADE1B4 /* Release */,
			);
			defaultConfigurationIsVisible = 0;
			defaultConfigurationName = Release;
		};
		C68F23A1210EA2E000ADE1B4 /* Build configuration list for PBXNativeTarget "MToolsDemo" */ = {
			isa = XCConfigurationList;
			buildConfigurations = (
				C68F23A2210EA2E000ADE1B4 /* Debug */,
				C68F23A3210EA2E000ADE1B4 /* Release */,
			);
			defaultConfigurationIsVisible = 0;
			defaultConfigurationName = Release;
		};
/* End XCConfigurationList section */
	};
	rootObject = C68F2383210EA2DE00ADE1B4 /* Project object */;
}
